{
  "requires": true,
  "lockfileVersion": 1,
  "dependencies": {
    "commander": {
      "version": "2.20.3",
      "resolved": "https://registry.npmjs.org/commander/-/commander-2.20.3.tgz",
      "integrity": "sha512-GpVkmM8vF2vQUkj2LvZmD35JxeJOLCwJ9cUkugyk2nuhbv3+mJvpLYYt+0+USMxE+oj+ey/lJEnhZw75x/OMcQ=="
    },
    "image-placeholder-unsplash": {
      "version": "1.0.1",
      "resolved": "https://registry.npmjs.org/image-placeholder-unsplash/-/image-placeholder-unsplash-1.0.1.tgz",
      "integrity": "sha1-yHyapI64nnrGZY2WpB7SZniZZo4="
    }
  }
}
